// !$*UTF8*$!
{
	archiveVersion = 1;
	classes = {
	};
	objectVersion = 50;
	objects = {

/* Begin PBXBuildFile section */
		307D628C233BC057008FE63D /* AppDelegate.swift in Sources */ = {isa = PBXBuildFile; fileRef = 307D628B233BC057008FE63D /* AppDelegate.swift */; };
		307D628E233BC057008FE63D /* ViewController.swift in Sources */ = {isa = PBXBuildFile; fileRef = 307D628D233BC057008FE63D /* ViewController.swift */; };
		307D6291233BC057008FE63D /* Main.storyboard in Resources */ = {isa = PBXBuildFile; fileRef = 307D628F233BC057008FE63D /* Main.storyboard */; };
		307D6294233BC057008FE63D /* SampleGitProject.xcdatamodeld in Sources */ = {isa = PBXBuildFile; fileRef = 307D6292233BC057008FE63D /* SampleGitProject.xcdatamodeld */; };
		307D6296233BC058008FE63D /* Assets.xcassets in Resources */ = {isa = PBXBuildFile; fileRef = 307D6295233BC058008FE63D /* Assets.xcassets */; };
		307D6299233BC058008FE63D /* LaunchScreen.storyboard in Resources */ = {isa = PBXBuildFile; fileRef = 307D6297233BC058008FE63D /* LaunchScreen.storyboard */; };
		307D62A4233BC058008FE63D /* SampleGitProjectTests.swift in Sources */ = {isa = PBXBuildFile; fileRef = 307D62A3233BC058008FE63D /* SampleGitProjectTests.swift */; };
		307D62AF233BC058008FE63D /* SampleGitProjectUITests.swift in Sources */ = {isa = PBXBuildFile; fileRef = 307D62AE233BC058008FE63D /* SampleGitProjectUITests.swift */; };
/* End PBXBuildFile section */

/* Begin PBXContainerItemProxy section */
		307D62A0233BC058008FE63D /* PBXContainerItemProxy */ = {
			isa = PBXContainerItemProxy;
			containerPortal = 307D6280233BC057008FE63D /* Project object */;
			proxyType = 1;
			remoteGlobalIDString = 307D6287233BC057008FE63D;
			remoteInfo = SampleGitProject;
		};
		307D62AB233BC058008FE63D /* PBXContainerItemProxy */ = {
			isa = PBXContainerItemProxy;
			containerPortal = 307D6280233BC057008FE63D /* Project object */;
			proxyType = 1;
			remoteGlobalIDString = 307D6287233BC057008FE63D;
			remoteInfo = SampleGitProject;
		};
/* End PBXContainerItemProxy section */

/* Begin PBXFileReference section */
		307D6288233BC057008FE63D /* SampleGitProject.app */ = {isa = PBXFileReference; explicitFileType = wrapper.application; includeInIndex = 0; path = SampleGitProject.app; sourceTree = BUILT_PRODUCTS_DIR; };
		307D628B233BC057008FE63D /* AppDelegate.swift */ = {isa = PBXFileReference; lastKnownFileType = sourcecode.swift; path = AppDelegate.swift; sourceTree = "<group>"; };
		307D628D233BC057008FE63D /* ViewController.swift */ = {isa = PBXFileReference; lastKnownFileType = sourcecode.swift; path = ViewController.swift; sourceTree = "<group>"; };
		307D6290233BC057008FE63D /* Base */ = {isa = PBXFileReference; lastKnownFileType = file.storyboard; name = Base; path = Base.lproj/Main.storyboard; sourceTree = "<group>"; };
		307D6293233BC057008FE63D /* SampleGitProject.xcdatamodel */ = {isa = PBXFileReference; lastKnownFileType = wrapper.xcdatamodel; path = SampleGitProject.xcdatamodel; sourceTree = "<group>"; };
		307D6295233BC058008FE63D /* Assets.xcassets */ = {isa = PBXFileReference; lastKnownFileType = folder.assetcatalog; path = Assets.xcassets; sourceTree = "<group>"; };
		307D6298233BC058008FE63D /* Base */ = {isa = PBXFileReference; lastKnownFileType = file.storyboard; name = Base; path = Base.lproj/LaunchScreen.storyboard; sourceTree = "<group>"; };
		307D629A233BC058008FE63D /* Info.plist */ = {isa = PBXFileReference; lastKnownFileType = text.plist.xml; path = Info.plist; sourceTree = "<group>"; };
		307D629F233BC058008FE63D /* SampleGitProjectTests.xctest */ = {isa = PBXFileReference; explicitFileType = wrapper.cfbundle; includeInIndex = 0; path = SampleGitProjectTests.xctest; sourceTree = BUILT_PRODUCTS_DIR; };
		307D62A3233BC058008FE63D /* SampleGitProjectTests.swift */ = {isa = PBXFileReference; lastKnownFileType = sourcecode.swift; path = SampleGitProjectTests.swift; sourceTree = "<group>"; };
		307D62A5233BC058008FE63D /* Info.plist */ = {isa = PBXFileReference; lastKnownFileType = text.plist.xml; path = Info.plist; sourceTree = "<group>"; };
		307D62AA233BC058008FE63D /* SampleGitProjectUITests.xctest */ = {isa = PBXFileReference; explicitFileType = wrapper.cfbundle; includeInIndex = 0; path = SampleGitProjectUITests.xctest; sourceTree = BUILT_PRODUCTS_DIR; };
		307D62AE233BC058008FE63D /* SampleGitProjectUITests.swift */ = {isa = PBXFileReference; lastKnownFileType = sourcecode.swift; path = SampleGitProjectUITests.swift; sourceTree = "<group>"; };
		307D62B0233BC058008FE63D /* Info.plist */ = {isa = PBXFileReference; lastKnownFileType = text.plist.xml; path = Info.plist; sourceTree = "<group>"; };
/* End PBXFileReference section */

/* Begin PBXFrameworksBuildPhase section */
		307D6285233BC057008FE63D /* Frameworks */ = {
			isa = PBXFrameworksBuildPhase;
			buildActionMask = 2147483647;
			files = (
			);
			runOnlyForDeploymentPostprocessing = 0;
		};
		307D629C233BC058008FE63D /* Frameworks */ = {
			isa = PBXFrameworksBuildPhase;
			buildActionMask = 2147483647;
			files = (
			);
			runOnlyForDeploymentPostprocessing = 0;
		};
		307D62A7233BC058008FE63D /* Frameworks */ = {
			isa = PBXFrameworksBuildPhase;
			buildActionMask = 2147483647;
			files = (
			);
			runOnlyForDeploymentPostprocessing = 0;
		};
/* End PBXFrameworksBuildPhase section */

/* Begin PBXGroup section */
		307D627F233BC057008FE63D = {
			isa = PBXGroup;
			children = (
				307D628A233BC057008FE63D /* SampleGitProject */,
				307D62A2233BC058008FE63D /* SampleGitProjectTests */,
				307D62AD233BC058008FE63D /* SampleGitProjectUITests */,
				307D6289233BC057008FE63D /* Products */,
			);
			sourceTree = "<group>";
		};
		307D6289233BC057008FE63D /* Products */ = {
			isa = PBXGroup;
			children = (
				307D6288233BC057008FE63D /* SampleGitProject.app */,
				307D629F233BC058008FE63D /* SampleGitProjectTests.xctest */,
				307D62AA233BC058008FE63D /* SampleGitProjectUITests.xctest */,
			);
			name = Products;
			sourceTree = "<group>";
		};
		307D628A233BC057008FE63D /* SampleGitProject */ = {
			isa = PBXGroup;
			children = (
				307D628B233BC057008FE63D /* AppDelegate.swift */,
				307D628D233BC057008FE63D /* ViewController.swift */,
				307D628F233BC057008FE63D /* Main.storyboard */,
				307D6295233BC058008FE63D /* Assets.xcassets */,
				307D6297233BC058008FE63D /* LaunchScreen.storyboard */,
				307D629A233BC058008FE63D /* Info.plist */,
				307D6292233BC057008FE63D /* SampleGitProject.xcdatamodeld */,
			);
			path = SampleGitProject;
			sourceTree = "<group>";
		};
		307D62A2233BC058008FE63D /* SampleGitProjectTests */ = {
			isa = PBXGroup;
			children = (
				307D62A3233BC058008FE63D /* SampleGitProjectTests.swift */,
				307D62A5233BC058008FE63D /* Info.plist */,
			);
			path = SampleGitProjectTests;
			sourceTree = "<group>";
		};
		307D62AD233BC058008FE63D /* SampleGitProjectUITests */ = {
			isa = PBXGroup;
			children = (
				307D62AE233BC058008FE63D /* SampleGitProjectUITests.swift */,
				307D62B0233BC058008FE63D /* Info.plist */,
			);
			path = SampleGitProjectUITests;
			sourceTree = "<group>";
		};
/* End PBXGroup section */

/* Begin PBXNativeTarget section */
		307D6287233BC057008FE63D /* SampleGitProject */ = {
			isa = PBXNativeTarget;
			buildConfigurationList = 307D62B3233BC058008FE63D /* Build configuration list for PBXNativeTarget "SampleGitProject" */;
			buildPhases = (
				307D6284233BC057008FE63D /* Sources */,
				307D6285233BC057008FE63D /* Frameworks */,
				307D6286233BC057008FE63D /* Resources */,
			);
			buildRules = (
			);
			dependencies = (
			);
			name = SampleGitProject;
			productName = SampleGitProject;
			productReference = 307D6288233BC057008FE63D /* SampleGitProject.app */;
			productType = "com.apple.product-type.application";
		};
		307D629E233BC058008FE63D /* SampleGitProjectTests */ = {
			isa = PBXNativeTarget;
			buildConfigurationList = 307D62B6233BC058008FE63D /* Build configuration list for PBXNativeTarget "SampleGitProjectTests" */;
			buildPhases = (
				307D629B233BC058008FE63D /* Sources */,
				307D629C233BC058008FE63D /* Frameworks */,
				307D629D233BC058008FE63D /* Resources */,
			);
			buildRules = (
			);
			dependencies = (
				307D62A1233BC058008FE63D /* PBXTargetDependency */,
			);
			name = SampleGitProjectTests;
			productName = SampleGitProjectTests;
			productReference = 307D629F233BC058008FE63D /* SampleGitProjectTests.xctest */;
			productType = "com.apple.product-type.bundle.unit-test";
		};
		307D62A9233BC058008FE63D /* SampleGitProjectUITests */ = {
			isa = PBXNativeTarget;
			buildConfigurationList = 307D62B9233BC058008FE63D /* Build configuration list for PBXNativeTarget "SampleGitProjectUITests" */;
			buildPhases = (
				307D62A6233BC058008FE63D /* Sources */,
				307D62A7233BC058008FE63D /* Frameworks */,
				307D62A8233BC058008FE63D /* Resources */,
			);
			buildRules = (
			);
			dependencies = (
				307D62AC233BC058008FE63D /* PBXTargetDependency */,
			);
			name = SampleGitProjectUITests;
			productName = SampleGitProjectUITests;
			productReference = 307D62AA233BC058008FE63D /* SampleGitProjectUITests.xctest */;
			productType = "com.apple.product-type.bundle.ui-testing";
		};
/* End PBXNativeTarget section */

/* Begin PBXProject section */
		307D6280233BC057008FE63D /* Project object */ = {
			isa = PBXProject;
			attributes = {
				LastSwiftUpdateCheck = 1020;
				LastUpgradeCheck = 1020;
				ORGANIZATIONNAME = "Sreeram R";
				TargetAttributes = {
					307D6287233BC057008FE63D = {
						CreatedOnToolsVersion = 10.2.1;
					};
					307D629E233BC058008FE63D = {
						CreatedOnToolsVersion = 10.2.1;
						TestTargetID = 307D6287233BC057008FE63D;
					};
					307D62A9233BC058008FE63D = {
						CreatedOnToolsVersion = 10.2.1;
						TestTargetID = 307D6287233BC057008FE63D;
					};
				};
			};
			buildConfigurationList = 307D6283233BC057008FE63D /* Build configuration list for PBXProject "SampleGitProject" */;
			compatibilityVersion = "Xcode 9.3";
			developmentRegion = en;
			hasScannedForEncodings = 0;
			knownRegions = (
				en,
				Base,
			);
			mainGroup = 307D627F233BC057008FE63D;
			productRefGroup = 307D6289233BC057008FE63D /* Products */;
			projectDirPath = "";
			projectRoot = "";
			targets = (
				307D6287233BC057008FE63D /* SampleGitProject */,
				307D629E233BC058008FE63D /* SampleGitProjectTests */,
				307D62A9233BC058008FE63D /* SampleGitProjectUITests */,
			);
		};
/* End PBXProject section */

/* Begin PBXResourcesBuildPhase section */
		307D6286233BC057008FE63D /* Resources */ = {
			isa = PBXResourcesBuildPhase;
			buildActionMask = 2147483647;
			files = (
				307D6299233BC058008FE63D /* LaunchScreen.storyboard in Resources */,
				307D6296233BC058008FE63D /* Assets.xcassets in Resources */,
				307D6291233BC057008FE63D /* Main.storyboard in Resources */,
			);
			runOnlyForDeploymentPostprocessing = 0;
		};
		307D629D233BC058008FE63D /* Resources */ = {
			isa = PBXResourcesBuildPhase;
			buildActionMask = 2147483647;
			files = (
			);
			runOnlyForDeploymentPostprocessing = 0;
		};
		307D62A8233BC058008FE63D /* Resources */ = {
			isa = PBXResourcesBuildPhase;
			buildActionMask = 2147483647;
			files = (
			);
			runOnlyForDeploymentPostprocessing = 0;
		};
/* End PBXResourcesBuildPhase section */

/* Begin PBXSourcesBuildPhase section */
		307D6284233BC057008FE63D /* Sources */ = {
			isa = PBXSourcesBuildPhase;
			buildActionMask = 2147483647;
			files = (
				307D628E233BC057008FE63D /* ViewController.swift in Sources */,
				307D6294233BC057008FE63D /* SampleGitProject.xcdatamodeld in Sources */,
				307D628C233BC057008FE63D /* AppDelegate.swift in Sources */,
			);
			runOnlyForDeploymentPostprocessing = 0;
		};
		307D629B233BC058008FE63D /* Sources */ = {
			isa = PBXSourcesBuildPhase;
			buildActionMask = 2147483647;
			files = (
				307D62A4233BC058008FE63D /* SampleGitProjectTests.swift in Sources */,
			);
			runOnlyForDeploymentPostprocessing = 0;
		};
		307D62A6233BC058008FE63D /* Sources */ = {
			isa = PBXSourcesBuildPhase;
			buildActionMask = 2147483647;
			files = (
				307D62AF233BC058008FE63D /* SampleGitProjectUITests.swift in Sources */,
			);
			runOnlyForDeploymentPostprocessing = 0;
		};
/* End PBXSourcesBuildPhase section */

/* Begin PBXTargetDependency section */
		307D62A1233BC058008FE63D /* PBXTargetDependency */ = {
			isa = PBXTargetDependency;
			target = 307D6287233BC057008FE63D /* SampleGitProject */;
			targetProxy = 307D62A0233BC058008FE63D /* PBXContainerItemProxy */;
		};
		307D62AC233BC058008FE63D /* PBXTargetDependency */ = {
			isa = PBXTargetDependency;
			target = 307D6287233BC057008FE63D /* SampleGitProject */;
			targetProxy = 307D62AB233BC058008FE63D /* PBXContainerItemProxy */;
		};
/* End PBXTargetDependency section */

/* Begin PBXVariantGroup section */
		307D628F233BC057008FE63D /* Main.storyboard */ = {
			isa = PBXVariantGroup;
			children = (
				307D6290233BC057008FE63D /* Base */,
			);
			name = Main.storyboard;
			sourceTree = "<group>";
		};
		307D6297233BC058008FE63D /* LaunchScreen.storyboard */ = {
			isa = PBXVariantGroup;
			children = (
				307D6298233BC058008FE63D /* Base */,
			);
			name = LaunchScreen.storyboard;
			sourceTree = "<group>";
		};
/* End PBXVariantGroup section */

/* Begin XCBuildConfiguration section */
		307D62B1233BC058008FE63D /* Debug */ = {
			isa = XCBuildConfiguration;
			buildSettings = {
				ALWAYS_SEARCH_USER_PATHS = NO;
				CLANG_ANALYZER_NONNULL = YES;
				CLANG_ANALYZER_NUMBER_OBJECT_CONVERSION = YES_AGGRESSIVE;
				CLANG_CXX_LANGUAGE_STANDARD = "gnu++14";
				CLANG_CXX_LIBRARY = "libc++";
				CLANG_ENABLE_MODULES = YES;
				CLANG_ENABLE_OBJC_ARC = YES;
				CLANG_ENABLE_OBJC_WEAK = YES;
				CLANG_WARN_BLOCK_CAPTURE_AUTORELEASING = YES;
				CLANG_WARN_BOOL_CONVERSION = YES;
				CLANG_WARN_COMMA = YES;
				CLANG_WARN_CONSTANT_CONVERSION = YES;
				CLANG_WARN_DEPRECATED_OBJC_IMPLEMENTATIONS = YES;
				CLANG_WARN_DIRECT_OBJC_ISA_USAGE = YES_ERROR;
				CLANG_WARN_DOCUMENTATION_COMMENTS = YES;
				CLANG_WARN_EMPTY_BODY = YES;
				CLANG_WARN_ENUM_CONVERSION = YES;
				CLANG_WARN_INFINITE_RECURSION = YES;
				CLANG_WARN_INT_CONVERSION = YES;
				CLANG_WARN_NON_LITERAL_NULL_CONVERSION = YES;
				CLANG_WARN_OBJC_IMPLICIT_RETAIN_SELF = YES;
				CLANG_WARN_OBJC_LITERAL_CONVERSION = YES;
				CLANG_WARN_OBJC_ROOT_CLASS = YES_ERROR;
				CLANG_WARN_RANGE_LOOP_ANALYSIS = YES;
				CLANG_WARN_STRICT_PROTOTYPES = YES;
				CLANG_WARN_SUSPICIOUS_MOVE = YES;
				CLANG_WARN_UNGUARDED_AVAILABILITY = YES_AGGRESSIVE;
				CLANG_WARN_UNREACHABLE_CODE = YES;
				CLANG_WARN__DUPLICATE_METHOD_MATCH = YES;
				CODE_SIGN_IDENTITY = "iPhone Developer";
				COPY_PHASE_STRIP = NO;
				DEBUG_INFORMATION_FORMAT = dwarf;
				ENABLE_STRICT_OBJC_MSGSEND = YES;
				ENABLE_TESTABILITY = YES;
				GCC_C_LANGUAGE_STANDARD = gnu11;
				GCC_DYNAMIC_NO_PIC = NO;
				GCC_NO_COMMON_BLOCKS = YES;
				GCC_OPTIMIZATION_LEVEL = 0;
				GCC_PREPROCESSOR_DEFINITIONS = (
					"DEBUG=1",
					"$(inherited)",
				);
				GCC_WARN_64_TO_32_BIT_CONVERSION = YES;
				GCC_WARN_ABOUT_RETURN_TYPE = YES_ERROR;
				GCC_WARN_UNDECLARED_SELECTOR = YES;
				GCC_WARN_UNINITIALIZED_AUTOS = YES_AGGRESSIVE;
				GCC_WARN_UNUSED_FUNCTION = YES;
				GCC_WARN_UNUSED_VARIABLE = YES;
				IPHONEOS_DEPLOYMENT_TARGET = 12.2;
				MTL_ENABLE_DEBUG_INFO = INCLUDE_SOURCE;
				MTL_FAST_MATH = YES;
				ONLY_ACTIVE_ARCH = YES;
				SDKROOT = iphoneos;
				SWIFT_ACTIVE_COMPILATION_CONDITIONS = DEBUG;
				SWIFT_OPTIMIZATION_LEVEL = "-Onone";
			};
			name = Debug;
		};
		307D62B2233BC058008FE63D /* Release */ = {
			isa = XCBuildConfiguration;
			buildSettings = {
				ALWAYS_SEARCH_USER_PATHS = NO;
				CLANG_ANALYZER_NONNULL = YES;
				CLANG_ANALYZER_NUMBER_OBJECT_CONVERSION = YES_AGGRESSIVE;
				CLANG_CXX_LANGUAGE_STANDARD = "gnu++14";
				CLANG_CXX_LIBRARY = "libc++";
				CLANG_ENABLE_MODULES = YES;
				CLANG_ENABLE_OBJC_ARC = YES;
				CLANG_ENABLE_OBJC_WEAK = YES;
				CLANG_WARN_BLOCK_CAPTURE_AUTORELEASING = YES;
				CLANG_WARN_BOOL_CONVERSION = YES;
				CLANG_WARN_COMMA = YES;
				CLANG_WARN_CONSTANT_CONVERSION = YES;
				CLANG_WARN_DEPRECATED_OBJC_IMPLEMENTATIONS = YES;
				CLANG_WARN_DIRECT_OBJC_ISA_USAGE = YES_ERROR;
				CLANG_WARN_DOCUMENTATION_COMMENTS = YES;
				CLANG_WARN_EMPTY_BODY = YES;
				CLANG_WARN_ENUM_CONVERSION = YES;
				CLANG_WARN_INFINITE_RECURSION = YES;
				CLANG_WARN_INT_CONVERSION = YES;
				CLANG_WARN_NON_LITERAL_NULL_CONVERSION = YES;
				CLANG_WARN_OBJC_IMPLICIT_RETAIN_SELF = YES;
				CLANG_WARN_OBJC_LITERAL_CONVERSION = YES;
				CLANG_WARN_OBJC_ROOT_CLASS = YES_ERROR;
				CLANG_WARN_RANGE_LOOP_ANALYSIS = YES;
				CLANG_WARN_STRICT_PROTOTYPES = YES;
				CLANG_WARN_SUSPICIOUS_MOVE = YES;
				CLANG_WARN_UNGUARDED_AVAILABILITY = YES_AGGRESSIVE;
				CLANG_WARN_UNREACHABLE_CODE = YES;
				CLANG_WARN__DUPLICATE_METHOD_MATCH = YES;
				CODE_SIGN_IDENTITY = "iPhone Developer";
				COPY_PHASE_STRIP = NO;
				DEBUG_INFORMATION_FORMAT = "dwarf-with-dsym";
				ENABLE_NS_ASSERTIONS = NO;
				ENABLE_STRICT_OBJC_MSGSEND = YES;
				GCC_C_LANGUAGE_STANDARD = gnu11;
				GCC_NO_COMMON_BLOCKS = YES;
				GCC_WARN_64_TO_32_BIT_CONVERSION = YES;
				GCC_WARN_ABOUT_RETURN_TYPE = YES_ERROR;
				GCC_WARN_UNDECLARED_SELECTOR = YES;
				GCC_WARN_UNINITIALIZED_AUTOS = YES_AGGRESSIVE;
				GCC_WARN_UNUSED_FUNCTION = YES;
				GCC_WARN_UNUSED_VARIABLE = YES;
				IPHONEOS_DEPLOYMENT_TARGET = 12.2;
				MTL_ENABLE_DEBUG_INFO = NO;
				MTL_FAST_MATH = YES;
				SDKROOT = iphoneos;
				SWIFT_COMPILATION_MODE = wholemodule;
				SWIFT_OPTIMIZATION_LEVEL = "-O";
				VALIDATE_PRODUCT = YES;
			};
			name = Release;
		};
		307D62B4233BC058008FE63D /* Debug */ = {
			isa = XCBuildConfiguration;
			buildSettings = {
				ASSETCATALOG_COMPILER_APPICON_NAME = AppIcon;
				CODE_SIGN_STYLE = Automatic;
				INFOPLIST_FILE = SampleGitProject/Info.plist;
				LD_RUNPATH_SEARCH_PATHS = (
					"$(inherited)",
					"@executable_path/Frameworks",
				);
				PRODUCT_BUNDLE_IDENTIFIER = com.sreeram.SampleGitProject;
				PRODUCT_NAME = "$(TARGET_NAME)";
				SWIFT_VERSION = 5.0;
				TARGETED_DEVICE_FAMILY = "1,2";
			};
			name = Debug;
		};
		307D62B5233BC058008FE63D /* Release */ = {
			isa = XCBuildConfiguration;
			buildSettings = {
				ASSETCATALOG_COMPILER_APPICON_NAME = AppIcon;
				CODE_SIGN_STYLE = Automatic;
				INFOPLIST_FILE = SampleGitProject/Info.plist;
				LD_RUNPATH_SEARCH_PATHS = (
					"$(inherited)",
					"@executable_path/Frameworks",
				);
				PRODUCT_BUNDLE_IDENTIFIER = com.sreeram.SampleGitProject;
				PRODUCT_NAME = "$(TARGET_NAME)";
				SWIFT_VERSION = 5.0;
				TARGETED_DEVICE_FAMILY = "1,2";
			};
			name = Release;
		};
		307D62B7233BC058008FE63D /* Debug */ = {
			isa = XCBuildConfiguration;
			buildSettings = {
				ALWAYS_EMBED_SWIFT_STANDARD_LIBRARIES = YES;
				BUNDLE_LOADER = "$(TEST_HOST)";
				CODE_SIGN_STYLE = Automatic;
				INFOPLIST_FILE = SampleGitProjectTests/Info.plist;
				LD_RUNPATH_SEARCH_PATHS = (
					"$(inherited)",
					"@executable_path/Frameworks",
					"@loader_path/Frameworks",
				);
				PRODUCT_BUNDLE_IDENTIFIER = com.sreeram.SampleGitProjectTests;
				PRODUCT_NAME = "$(TARGET_NAME)";
				SWIFT_VERSION = 5.0;
				TARGETED_DEVICE_FAMILY = "1,2";
				TEST_HOST = "$(BUILT_PRODUCTS_DIR)/SampleGitProject.app/SampleGitProject";
			};
			name = Debug;
		};
		307D62B8233BC058008FE63D /* Release */ = {
			isa = XCBuildConfiguration;
			buildSettings = {
				ALWAYS_EMBED_SWIFT_STANDARD_LIBRARIES = YES;
				BUNDLE_LOADER = "$(TEST_HOST)";
				CODE_SIGN_STYLE = Automatic;
				INFOPLIST_FILE = SampleGitProjectTests/Info.plist;
				LD_RUNPATH_SEARCH_PATHS = (
					"$(inherited)",
					"@executable_path/Frameworks",
					"@loader_path/Frameworks",
				);
				PRODUCT_BUNDLE_IDENTIFIER = com.sreeram.SampleGitProjectTests;
				PRODUCT_NAME = "$(TARGET_NAME)";
				SWIFT_VERSION = 5.0;
				TARGETED_DEVICE_FAMILY = "1,2";
				TEST_HOST = "$(BUILT_PRODUCTS_DIR)/SampleGitProject.app/SampleGitProject";
			};
			name = Release;
		};
		307D62BA233BC058008FE63D /* Debug */ = {
			isa = XCBuildConfiguration;
			buildSettings = {
				ALWAYS_EMBED_SWIFT_STANDARD_LIBRARIES = YES;
				CODE_SIGN_STYLE = Automatic;
				INFOPLIST_FILE = SampleGitProjectUITests/Info.plist;
				LD_RUNPATH_SEARCH_PATHS = (
					"$(inherited)",
					"@executable_path/Frameworks",
					"@loader_path/Frameworks",
				);
				PRODUCT_BUNDLE_IDENTIFIER = com.sreeram.SampleGitProjectUITests;
				PRODUCT_NAME = "$(TARGET_NAME)";
				SWIFT_VERSION = 5.0;
				TARGETED_DEVICE_FAMILY = "1,2";
				TEST_TARGET_NAME = SampleGitProject;
			};
			name = Debug;
		};
		307D62BB233BC058008FE63D /* Release */ = {
			isa = XCBuildConfiguration;
			buildSettings = {
				ALWAYS_EMBED_SWIFT_STANDARD_LIBRARIES = YES;
				CODE_SIGN_STYLE = Automatic;
				INFOPLIST_FILE = SampleGitProjectUITests/Info.plist;
				LD_RUNPATH_SEARCH_PATHS = (
					"$(inherited)",
					"@executable_path/Frameworks",
					"@loader_path/Frameworks",
				);
				PRODUCT_BUNDLE_IDENTIFIER = com.sreeram.SampleGitProjectUITests;
				PRODUCT_NAME = "$(TARGET_NAME)";
				SWIFT_VERSION = 5.0;
				TARGETED_DEVICE_FAMILY = "1,2";
				TEST_TARGET_NAME = SampleGitProject;
			};
			name = Release;
		};
/* End XCBuildConfiguration section */

/* Begin XCConfigurationList section */
		307D6283233BC057008FE63D /* Build configuration list for PBXProject "SampleGitProject" */ = {
			isa = XCConfigurationList;
			buildConfigurations = (
				307D62B1233BC058008FE63D /* Debug */,
				307D62B2233BC058008FE63D /* Release */,
			);
			defaultConfigurationIsVisible = 0;
			defaultConfigurationName = Release;
		};
		307D62B3233BC058008FE63D /* Build configuration list for PBXNativeTarget "SampleGitProject" */ = {
			isa = XCConfigurationList;
			buildConfigurations = (
				307D62B4233BC058008FE63D /* Debug */,
				307D62B5233BC058008FE63D /* Release */,
			);
			defaultConfigurationIsVisible = 0;
			defaultConfigurationName = Release;
		};
		307D62B6233BC058008FE63D /* Build configuration list for PBXNativeTarget "SampleGitProjectTests" */ = {
			isa = XCConfigurationList;
			buildConfigurations = (
				307D62B7233BC058008FE63D /* Debug */,
				307D62B8233BC058008FE63D /* Release */,
			);
			defaultConfigurationIsVisible = 0;
			defaultConfigurationName = Release;
		};
		307D62B9233BC058008FE63D /* Build configuration list for PBXNativeTarget "SampleGitProjectUITests" */ = {
			isa = XCConfigurationList;
			buildConfigurations = (
				307D62BA233BC058008FE63D /* Debug */,
				307D62BB233BC058008FE63D /* Release */,
			);
			defaultConfigurationIsVisible = 0;
			defaultConfigurationName = Release;
		};
/* End XCConfigurationList section */

/* Begin XCVersionGroup section */
		307D6292233BC057008FE63D /* SampleGitProject.xcdatamodeld */ = {
			isa = XCVersionGroup;
			children = (
				307D6293233BC057008FE63D /* SampleGitProject.xcdatamodel */,
			);
			currentVersion = 307D6293233BC057008FE63D /* SampleGitProject.xcdatamodel */;
			path = SampleGitProject.xcdatamodeld;
			sourceTree = "<group>";
			versionGroupType = wrapper.xcdatamodel;
		};
/* End XCVersionGroup section */
	};
	rootObject = 307D6280233BC057008FE63D /* Project object */;
}
